
Microsoft Visual Studio Solution File, Format Version 12.00
# Visual Studio Version 16
VisualStudioVersion = 16.0.31829.152
MinimumVisualStudioVersion = 10.0.40219.1
Project("{FAE04EC0-301F-11D3-BF4B-00C04F79EFBC}") = "StructAssignment", "StructAssignment\StructAssignment.csproj", "{95FBB597-7FA6-43D7-AB4E-B25E1244AD1B}"
EndProject
Global
	GlobalSection(SolutionConfigurationPlatforms) = preSolution
		Debug|Any CPU = Debug|Any CPU
		Release|Any CPU = Release|Any CPU
	EndGlobalSection
	GlobalSection(ProjectConfigurationPlatforms) = postSolution
		{95FBB597-7FA6-43D7-AB4E-B25E1244AD1B}.Debug|Any CPU.ActiveCfg = Debug|Any CPU
		{95FBB597-7FA6-43D7-AB4E-B25E1244AD1B}.Debug|Any CPU.Build.0 = Debug|Any CPU
		{95FBB597-7FA6-43D7-AB4E-B25E1244AD1B}.Release|Any CPU.ActiveCfg = Release|Any CPU
		{95FBB597-7FA6-43D7-AB4E-B25E1244AD1B}.Release|Any CPU.Build.0 = Release|Any CPU
	EndGlobalSection
	GlobalSection(SolutionProperties) = preSolution
		HideSolutionNode = FALSE
	EndGlobalSection
	GlobalSection(ExtensibilityGlobals) = postSolution
		SolutionGuid = {45B040EC-6414-47C3-8070-4365898EF504}
	EndGlobalSection
EndGlobal
