
Microsoft Visual Studio Solution File, Format Version 12.00
# Visual Studio Version 16
VisualStudioVersion = 16.0.31829.152
MinimumVisualStudioVersion = 10.0.40219.1
Project("{FAE04EC0-301F-11D3-BF4B-00C04F79EFBC}") = "BooleanLogicAssignment", "BooleanLogicAssignment\BooleanLogicAssignment.csproj", "{2E632B0D-714F-4C33-82FB-2611C355B8FF}"
EndProject
Global
	GlobalSection(SolutionConfigurationPlatforms) = preSolution
		Debug|Any CPU = Debug|Any CPU
		Release|Any CPU = Release|Any CPU
	EndGlobalSection
	GlobalSection(ProjectConfigurationPlatforms) = postSolution
		{2E632B0D-714F-4C33-82FB-2611C355B8FF}.Debug|Any CPU.ActiveCfg = Debug|Any CPU
		{2E632B0D-714F-4C33-82FB-2611C355B8FF}.Debug|Any CPU.Build.0 = Debug|Any CPU
		{2E632B0D-714F-4C33-82FB-2611C355B8FF}.Release|Any CPU.ActiveCfg = Release|Any CPU
		{2E632B0D-714F-4C33-82FB-2611C355B8FF}.Release|Any CPU.Build.0 = Release|Any CPU
	EndGlobalSection
	GlobalSection(SolutionProperties) = preSolution
		HideSolutionNode = FALSE
	EndGlobalSection
	GlobalSection(ExtensibilityGlobals) = postSolution
		SolutionGuid = {8C7D9A51-1CA4-4F60-B872-349AC7227C8F}
	EndGlobalSection
EndGlobal
