
Microsoft Visual Studio Solution File, Format Version 12.00
# Visual Studio Version 16
VisualStudioVersion = 16.0.31829.152
MinimumVisualStudioVersion = 10.0.40219.1
Project("{FAE04EC0-301F-11D3-BF4B-00C04F79EFBC}") = "ConstructorAssignment", "ConstructorAssignment\ConstructorAssignment.csproj", "{5C3F7BEF-7EB2-42A6-AD25-6E46F882F8A7}"
EndProject
Global
	GlobalSection(SolutionConfigurationPlatforms) = preSolution
		Debug|Any CPU = Debug|Any CPU
		Release|Any CPU = Release|Any CPU
	EndGlobalSection
	GlobalSection(ProjectConfigurationPlatforms) = postSolution
		{5C3F7BEF-7EB2-42A6-AD25-6E46F882F8A7}.Debug|Any CPU.ActiveCfg = Debug|Any CPU
		{5C3F7BEF-7EB2-42A6-AD25-6E46F882F8A7}.Debug|Any CPU.Build.0 = Debug|Any CPU
		{5C3F7BEF-7EB2-42A6-AD25-6E46F882F8A7}.Release|Any CPU.ActiveCfg = Release|Any CPU
		{5C3F7BEF-7EB2-42A6-AD25-6E46F882F8A7}.Release|Any CPU.Build.0 = Release|Any CPU
	EndGlobalSection
	GlobalSection(SolutionProperties) = preSolution
		HideSolutionNode = FALSE
	EndGlobalSection
	GlobalSection(ExtensibilityGlobals) = postSolution
		SolutionGuid = {0DF27C41-A46D-43B4-9152-2F7E9C950DE7}
	EndGlobalSection
EndGlobal
