
Microsoft Visual Studio Solution File, Format Version 12.00
# Visual Studio Version 16
VisualStudioVersion = 16.0.31829.152
MinimumVisualStudioVersion = 10.0.40219.1
Project("{FAE04EC0-301F-11D3-BF4B-00C04F79EFBC}") = "MainMethodAssignment", "MainMethodAssignment\MainMethodAssignment.csproj", "{237EDCF0-A23F-4370-A0BD-C72DCAD449DE}"
EndProject
Global
	GlobalSection(SolutionConfigurationPlatforms) = preSolution
		Debug|Any CPU = Debug|Any CPU
		Release|Any CPU = Release|Any CPU
	EndGlobalSection
	GlobalSection(ProjectConfigurationPlatforms) = postSolution
		{237EDCF0-A23F-4370-A0BD-C72DCAD449DE}.Debug|Any CPU.ActiveCfg = Debug|Any CPU
		{237EDCF0-A23F-4370-A0BD-C72DCAD449DE}.Debug|Any CPU.Build.0 = Debug|Any CPU
		{237EDCF0-A23F-4370-A0BD-C72DCAD449DE}.Release|Any CPU.ActiveCfg = Release|Any CPU
		{237EDCF0-A23F-4370-A0BD-C72DCAD449DE}.Release|Any CPU.Build.0 = Release|Any CPU
	EndGlobalSection
	GlobalSection(SolutionProperties) = preSolution
		HideSolutionNode = FALSE
	EndGlobalSection
	GlobalSection(ExtensibilityGlobals) = postSolution
		SolutionGuid = {A0BEB2C9-BA5C-40DB-8EA9-3CC7608002AA}
	EndGlobalSection
EndGlobal
