
Microsoft Visual Studio Solution File, Format Version 12.00
# Visual Studio Version 16
VisualStudioVersion = 16.0.31829.152
MinimumVisualStudioVersion = 10.0.40219.1
Project("{FAE04EC0-301F-11D3-BF4B-00C04F79EFBC}") = "BranchingAssignment", "BranchingAssignment\BranchingAssignment.csproj", "{343832A4-A10F-43E8-BA6F-9C0E43DE0473}"
EndProject
Global
	GlobalSection(SolutionConfigurationPlatforms) = preSolution
		Debug|Any CPU = Debug|Any CPU
		Release|Any CPU = Release|Any CPU
	EndGlobalSection
	GlobalSection(ProjectConfigurationPlatforms) = postSolution
		{343832A4-A10F-43E8-BA6F-9C0E43DE0473}.Debug|Any CPU.ActiveCfg = Debug|Any CPU
		{343832A4-A10F-43E8-BA6F-9C0E43DE0473}.Debug|Any CPU.Build.0 = Debug|Any CPU
		{343832A4-A10F-43E8-BA6F-9C0E43DE0473}.Release|Any CPU.ActiveCfg = Release|Any CPU
		{343832A4-A10F-43E8-BA6F-9C0E43DE0473}.Release|Any CPU.Build.0 = Release|Any CPU
	EndGlobalSection
	GlobalSection(SolutionProperties) = preSolution
		HideSolutionNode = FALSE
	EndGlobalSection
	GlobalSection(ExtensibilityGlobals) = postSolution
		SolutionGuid = {8B3DE83F-57CB-4A11-A13E-D19FC54E0BE9}
	EndGlobalSection
EndGlobal
