
Microsoft Visual Studio Solution File, Format Version 12.00
# Visual Studio Version 16
VisualStudioVersion = 16.0.31829.152
MinimumVisualStudioVersion = 10.0.40219.1
Project("{FAE04EC0-301F-11D3-BF4B-00C04F79EFBC}") = "Date-TimeAssignment", "Date-TimeAssignment\Date-TimeAssignment.csproj", "{E949A70E-0411-4B17-A3E1-4122AD747176}"
EndProject
Global
	GlobalSection(SolutionConfigurationPlatforms) = preSolution
		Debug|Any CPU = Debug|Any CPU
		Release|Any CPU = Release|Any CPU
	EndGlobalSection
	GlobalSection(ProjectConfigurationPlatforms) = postSolution
		{E949A70E-0411-4B17-A3E1-4122AD747176}.Debug|Any CPU.ActiveCfg = Debug|Any CPU
		{E949A70E-0411-4B17-A3E1-4122AD747176}.Debug|Any CPU.Build.0 = Debug|Any CPU
		{E949A70E-0411-4B17-A3E1-4122AD747176}.Release|Any CPU.ActiveCfg = Release|Any CPU
		{E949A70E-0411-4B17-A3E1-4122AD747176}.Release|Any CPU.Build.0 = Release|Any CPU
	EndGlobalSection
	GlobalSection(SolutionProperties) = preSolution
		HideSolutionNode = FALSE
	EndGlobalSection
	GlobalSection(ExtensibilityGlobals) = postSolution
		SolutionGuid = {F810B433-43B7-4532-8586-9974A2FA0D85}
	EndGlobalSection
EndGlobal
