
Microsoft Visual Studio Solution File, Format Version 12.00
# Visual Studio Version 16
VisualStudioVersion = 16.0.31829.152
MinimumVisualStudioVersion = 10.0.40219.1
Project("{FAE04EC0-301F-11D3-BF4B-00C04F79EFBC}") = "OperatorsOverloadAssignment", "OperatorsOverloadAssignment\OperatorsOverloadAssignment.csproj", "{85C7EE8A-F15F-4F88-AE28-FCFDCD16A600}"
EndProject
Global
	GlobalSection(SolutionConfigurationPlatforms) = preSolution
		Debug|Any CPU = Debug|Any CPU
		Release|Any CPU = Release|Any CPU
	EndGlobalSection
	GlobalSection(ProjectConfigurationPlatforms) = postSolution
		{85C7EE8A-F15F-4F88-AE28-FCFDCD16A600}.Debug|Any CPU.ActiveCfg = Debug|Any CPU
		{85C7EE8A-F15F-4F88-AE28-FCFDCD16A600}.Debug|Any CPU.Build.0 = Debug|Any CPU
		{85C7EE8A-F15F-4F88-AE28-FCFDCD16A600}.Release|Any CPU.ActiveCfg = Release|Any CPU
		{85C7EE8A-F15F-4F88-AE28-FCFDCD16A600}.Release|Any CPU.Build.0 = Release|Any CPU
	EndGlobalSection
	GlobalSection(SolutionProperties) = preSolution
		HideSolutionNode = FALSE
	EndGlobalSection
	GlobalSection(ExtensibilityGlobals) = postSolution
		SolutionGuid = {E59891CE-674C-4C02-821D-97BEA02544F2}
	EndGlobalSection
EndGlobal
