
Microsoft Visual Studio Solution File, Format Version 12.00
# Visual Studio Version 16
VisualStudioVersion = 16.0.31829.152
MinimumVisualStudioVersion = 10.0.40219.1
Project("{FAE04EC0-301F-11D3-BF4B-00C04F79EFBC}") = "PolymorphismAssignment", "PolymorphismAssignment\PolymorphismAssignment.csproj", "{7EE8FA23-35EA-46C3-91F0-1B64B3B1F156}"
EndProject
Global
	GlobalSection(SolutionConfigurationPlatforms) = preSolution
		Debug|Any CPU = Debug|Any CPU
		Release|Any CPU = Release|Any CPU
	EndGlobalSection
	GlobalSection(ProjectConfigurationPlatforms) = postSolution
		{7EE8FA23-35EA-46C3-91F0-1B64B3B1F156}.Debug|Any CPU.ActiveCfg = Debug|Any CPU
		{7EE8FA23-35EA-46C3-91F0-1B64B3B1F156}.Debug|Any CPU.Build.0 = Debug|Any CPU
		{7EE8FA23-35EA-46C3-91F0-1B64B3B1F156}.Release|Any CPU.ActiveCfg = Release|Any CPU
		{7EE8FA23-35EA-46C3-91F0-1B64B3B1F156}.Release|Any CPU.Build.0 = Release|Any CPU
	EndGlobalSection
	GlobalSection(SolutionProperties) = preSolution
		HideSolutionNode = FALSE
	EndGlobalSection
	GlobalSection(ExtensibilityGlobals) = postSolution
		SolutionGuid = {6B9EE00E-1EAE-46BB-B80B-F8DCD31717E3}
	EndGlobalSection
EndGlobal
